// !$*UTF8*$!
{
	archiveVersion = 1;
	classes = {
	};
	objectVersion = 46;
	objects = {

/* Begin PBXBuildFile section */
		714095401E78AE0B0042DDDB /* AppDelegate.swift in Sources */ = {isa = PBXBuildFile; fileRef = 7140953F1E78AE0B0042DDDB /* AppDelegate.swift */; };
		714095421E78AE0B0042DDDB /* ViewController.swift in Sources */ = {isa = PBXBuildFile; fileRef = 714095411E78AE0B0042DDDB /* ViewController.swift */; };
		714095451E78AE0B0042DDDB /* Main.storyboard in Resources */ = {isa = PBXBuildFile; fileRef = 714095431E78AE0B0042DDDB /* Main.storyboard */; };
		714095471E78AE0B0042DDDB /* Assets.xcassets in Resources */ = {isa = PBXBuildFile; fileRef = 714095461E78AE0B0042DDDB /* Assets.xcassets */; };
		7140954A1E78AE0B0042DDDB /* LaunchScreen.storyboard in Resources */ = {isa = PBXBuildFile; fileRef = 714095481E78AE0B0042DDDB /* LaunchScreen.storyboard */; };
		714095631E78B7A90042DDDB /* SpeechSDK.framework in Embed Frameworks */ = {isa = PBXBuildFile; fileRef = 714095621E78B7A90042DDDB /* SpeechSDK.framework */; settings = {ATTRIBUTES = (CodeSignOnCopy, RemoveHeadersOnCopy, ); }; };
		714095651E78B7D60042DDDB /* SpeechSDK.framework in Frameworks */ = {isa = PBXBuildFile; fileRef = 714095641E78B7D60042DDDB /* SpeechSDK.framework */; };
		714095671E7A14F30042DDDB /* SpeechRecognition.swift in Sources */ = {isa = PBXBuildFile; fileRef = 714095661E7A14F30042DDDB /* SpeechRecognition.swift */; };
		71FBF9851E82C50C008B7903 /* SpeechControllerViewController.swift in Sources */ = {isa = PBXBuildFile; fileRef = 71FBF9841E82C50C008B7903 /* SpeechControllerViewController.swift */; };
/* End PBXBuildFile section */

/* Begin PBXCopyFilesBuildPhase section */
		714095611E78B7410042DDDB /* Embed Frameworks */ = {
			isa = PBXCopyFilesBuildPhase;
			buildActionMask = 2147483647;
			dstPath = "";
			dstSubfolderSpec = 10;
			files = (
				714095631E78B7A90042DDDB /* SpeechSDK.framework in Embed Frameworks */,
			);
			name = "Embed Frameworks";
			runOnlyForDeploymentPostprocessing = 0;
		};
/* End PBXCopyFilesBuildPhase section */

/* Begin PBXFileReference section */
		7140953C1E78AE0B0042DDDB /* coursework2.app */ = {isa = PBXFileReference; explicitFileType = wrapper.application; includeInIndex = 0; path = coursework2.app; sourceTree = BUILT_PRODUCTS_DIR; };
		7140953F1E78AE0B0042DDDB /* AppDelegate.swift */ = {isa = PBXFileReference; lastKnownFileType = sourcecode.swift; path = AppDelegate.swift; sourceTree = "<group>"; };
		714095411E78AE0B0042DDDB /* ViewController.swift */ = {isa = PBXFileReference; lastKnownFileType = sourcecode.swift; path = ViewController.swift; sourceTree = "<group>"; };
		714095441E78AE0B0042DDDB /* Base */ = {isa = PBXFileReference; lastKnownFileType = file.storyboard; name = Base; path = Base.lproj/Main.storyboard; sourceTree = "<group>"; };
		714095461E78AE0B0042DDDB /* Assets.xcassets */ = {isa = PBXFileReference; lastKnownFileType = folder.assetcatalog; path = Assets.xcassets; sourceTree = "<group>"; };
		714095491E78AE0B0042DDDB /* Base */ = {isa = PBXFileReference; lastKnownFileType = file.storyboard; name = Base; path = Base.lproj/LaunchScreen.storyboard; sourceTree = "<group>"; };
		7140954B1E78AE0B0042DDDB /* Info.plist */ = {isa = PBXFileReference; lastKnownFileType = text.plist.xml; path = Info.plist; sourceTree = "<group>"; };
		714095541E78AF960042DDDB /* coursework2-Bridging-Header.h */ = {isa = PBXFileReference; lastKnownFileType = sourcecode.c.h; path = "coursework2-Bridging-Header.h"; sourceTree = "<group>"; };
		7140955D1E78B6500042DDDB /* SpeechSDK.framework */ = {isa = PBXFileReference; lastKnownFileType = wrapper.framework; name = SpeechSDK.framework; path = ../../../.Trash/SpeechSDK.framework; sourceTree = "<group>"; };
		714095621E78B7A90042DDDB /* SpeechSDK.framework */ = {isa = PBXFileReference; lastKnownFileType = wrapper.framework; path = SpeechSDK.framework; sourceTree = "<group>"; };
		714095641E78B7D60042DDDB /* SpeechSDK.framework */ = {isa = PBXFileReference; lastKnownFileType = wrapper.framework; name = SpeechSDK.framework; path = "../../../Downloads/Cognitive-Speech-STT-iOS-master/iPhoneSimulator/SpeechSDK.framework"; sourceTree = "<group>"; };
		714095661E7A14F30042DDDB /* SpeechRecognition.swift */ = {isa = PBXFileReference; fileEncoding = 4; lastKnownFileType = sourcecode.swift; path = SpeechRecognition.swift; sourceTree = "<group>"; };
		71FBF9841E82C50C008B7903 /* SpeechControllerViewController.swift */ = {isa = PBXFileReference; fileEncoding = 4; lastKnownFileType = sourcecode.swift; path = SpeechControllerViewController.swift; sourceTree = "<group>"; };
/* End PBXFileReference section */

/* Begin PBXFrameworksBuildPhase section */
		714095391E78AE0B0042DDDB /* Frameworks */ = {
			isa = PBXFrameworksBuildPhase;
			buildActionMask = 2147483647;
			files = (
				714095651E78B7D60042DDDB /* SpeechSDK.framework in Frameworks */,
			);
			runOnlyForDeploymentPostprocessing = 0;
		};
/* End PBXFrameworksBuildPhase section */

/* Begin PBXGroup section */
		714095331E78AE0B0042DDDB = {
			isa = PBXGroup;
			children = (
				714095621E78B7A90042DDDB /* SpeechSDK.framework */,
				7140953E1E78AE0B0042DDDB /* coursework2 */,
				7140953D1E78AE0B0042DDDB /* Products */,
				7140955C1E78B64F0042DDDB /* Frameworks */,
			);
			sourceTree = "<group>";
		};
		7140953D1E78AE0B0042DDDB /* Products */ = {
			isa = PBXGroup;
			children = (
				7140953C1E78AE0B0042DDDB /* coursework2.app */,
			);
			name = Products;
			sourceTree = "<group>";
		};
		7140953E1E78AE0B0042DDDB /* coursework2 */ = {
			isa = PBXGroup;
			children = (
				7140953F1E78AE0B0042DDDB /* AppDelegate.swift */,
				714095411E78AE0B0042DDDB /* ViewController.swift */,
				714095431E78AE0B0042DDDB /* Main.storyboard */,
				714095461E78AE0B0042DDDB /* Assets.xcassets */,
				714095481E78AE0B0042DDDB /* LaunchScreen.storyboard */,
				7140954B1E78AE0B0042DDDB /* Info.plist */,
				714095541E78AF960042DDDB /* coursework2-Bridging-Header.h */,
				714095661E7A14F30042DDDB /* SpeechRecognition.swift */,
				71FBF9841E82C50C008B7903 /* SpeechControllerViewController.swift */,
			);
			path = coursework2;
			sourceTree = "<group>";
		};
		7140955C1E78B64F0042DDDB /* Frameworks */ = {
			isa = PBXGroup;
			children = (
				714095641E78B7D60042DDDB /* SpeechSDK.framework */,
				7140955D1E78B6500042DDDB /* SpeechSDK.framework */,
			);
			name = Frameworks;
			sourceTree = "<group>";
		};
/* End PBXGroup section */

/* Begin PBXNativeTarget section */
		7140953B1E78AE0B0042DDDB /* coursework2 */ = {
			isa = PBXNativeTarget;
			buildConfigurationList = 7140954E1E78AE0B0042DDDB /* Build configuration list for PBXNativeTarget "coursework2" */;
			buildPhases = (
				714095381E78AE0B0042DDDB /* Sources */,
				714095391E78AE0B0042DDDB /* Frameworks */,
				7140953A1E78AE0B0042DDDB /* Resources */,
				714095611E78B7410042DDDB /* Embed Frameworks */,
			);
			buildRules = (
			);
			dependencies = (
			);
			name = coursework2;
			productName = coursework2;
			productReference = 7140953C1E78AE0B0042DDDB /* coursework2.app */;
			productType = "com.apple.product-type.application";
		};
/* End PBXNativeTarget section */

/* Begin PBXProject section */
		714095341E78AE0B0042DDDB /* Project object */ = {
			isa = PBXProject;
			attributes = {
				LastSwiftUpdateCheck = 0820;
				LastUpgradeCheck = 0820;
				ORGANIZATIONNAME = HSE;
				TargetAttributes = {
					7140953B1E78AE0B0042DDDB = {
						CreatedOnToolsVersion = 8.2.1;
						LastSwiftMigration = 0820;
						ProvisioningStyle = Automatic;
					};
				};
			};
			buildConfigurationList = 714095371E78AE0B0042DDDB /* Build configuration list for PBXProject "coursework2" */;
			compatibilityVersion = "Xcode 3.2";
			developmentRegion = English;
			hasScannedForEncodings = 0;
			knownRegions = (
				en,
				Base,
			);
			mainGroup = 714095331E78AE0B0042DDDB;
			productRefGroup = 7140953D1E78AE0B0042DDDB /* Products */;
			projectDirPath = "";
			projectRoot = "";
			targets = (
				7140953B1E78AE0B0042DDDB /* coursework2 */,
			);
		};
/* End PBXProject section */

/* Begin PBXResourcesBuildPhase section */
		7140953A1E78AE0B0042DDDB /* Resources */ = {
			isa = PBXResourcesBuildPhase;
			buildActionMask = 2147483647;
			files = (
				7140954A1E78AE0B0042DDDB /* LaunchScreen.storyboard in Resources */,
				714095471E78AE0B0042DDDB /* Assets.xcassets in Resources */,
				714095451E78AE0B0042DDDB /* Main.storyboard in Resources */,
			);
			runOnlyForDeploymentPostprocessing = 0;
		};
/* End PBXResourcesBuildPhase section */

/* Begin PBXSourcesBuildPhase section */
		714095381E78AE0B0042DDDB /* Sources */ = {
			isa = PBXSourcesBuildPhase;
			buildActionMask = 2147483647;
			files = (
				714095421E78AE0B0042DDDB /* ViewController.swift in Sources */,
				714095671E7A14F30042DDDB /* SpeechRecognition.swift in Sources */,
				71FBF9851E82C50C008B7903 /* SpeechControllerViewController.swift in Sources */,
				714095401E78AE0B0042DDDB /* AppDelegate.swift in Sources */,
			);
			runOnlyForDeploymentPostprocessing = 0;
		};
/* End PBXSourcesBuildPhase section */

/* Begin PBXVariantGroup section */
		714095431E78AE0B0042DDDB /* Main.storyboard */ = {
			isa = PBXVariantGroup;
			children = (
				714095441E78AE0B0042DDDB /* Base */,
			);
			name = Main.storyboard;
			sourceTree = "<group>";
		};
		714095481E78AE0B0042DDDB /* LaunchScreen.storyboard */ = {
			isa = PBXVariantGroup;
			children = (
				714095491E78AE0B0042DDDB /* Base */,
			);
			name = LaunchScreen.storyboard;
			sourceTree = "<group>";
		};
/* End PBXVariantGroup section */

/* Begin XCBuildConfiguration section */
		7140954C1E78AE0B0042DDDB /* Debug */ = {
			isa = XCBuildConfiguration;
			buildSettings = {
				ALWAYS_SEARCH_USER_PATHS = NO;
				CLANG_ANALYZER_NONNULL = YES;
				CLANG_CXX_LANGUAGE_STANDARD = "gnu++0x";
				CLANG_CXX_LIBRARY = "libc++";
				CLANG_ENABLE_MODULES = YES;
				CLANG_ENABLE_OBJC_ARC = YES;
				CLANG_WARN_BOOL_CONVERSION = YES;
				CLANG_WARN_CONSTANT_CONVERSION = YES;
				CLANG_WARN_DIRECT_OBJC_ISA_USAGE = YES_ERROR;
				CLANG_WARN_DOCUMENTATION_COMMENTS = YES;
				CLANG_WARN_EMPTY_BODY = YES;
				CLANG_WARN_ENUM_CONVERSION = YES;
				CLANG_WARN_INFINITE_RECURSION = YES;
				CLANG_WARN_INT_CONVERSION = YES;
				CLANG_WARN_OBJC_ROOT_CLASS = YES_ERROR;
				CLANG_WARN_SUSPICIOUS_MOVE = YES;
				CLANG_WARN_UNREACHABLE_CODE = YES;
				CLANG_WARN__DUPLICATE_METHOD_MATCH = YES;
				"CODE_SIGN_IDENTITY[sdk=iphoneos*]" = "iPhone Developer";
				COPY_PHASE_STRIP = NO;
				DEBUG_INFORMATION_FORMAT = dwarf;
				ENABLE_STRICT_OBJC_MSGSEND = YES;
				ENABLE_TESTABILITY = YES;
				GCC_C_LANGUAGE_STANDARD = gnu99;
				GCC_DYNAMIC_NO_PIC = NO;
				GCC_NO_COMMON_BLOCKS = YES;
				GCC_OPTIMIZATION_LEVEL = 0;
				GCC_PREPROCESSOR_DEFINITIONS = (
					"DEBUG=1",
					"$(inherited)",
				);
				GCC_WARN_64_TO_32_BIT_CONVERSION = YES;
				GCC_WARN_ABOUT_RETURN_TYPE = YES_ERROR;
				GCC_WARN_UNDECLARED_SELECTOR = YES;
				GCC_WARN_UNINITIALIZED_AUTOS = YES_AGGRESSIVE;
				GCC_WARN_UNUSED_FUNCTION = YES;
				GCC_WARN_UNUSED_VARIABLE = YES;
				IPHONEOS_DEPLOYMENT_TARGET = 10.2;
				MTL_ENABLE_DEBUG_INFO = YES;
				ONLY_ACTIVE_ARCH = YES;
				SDKROOT = iphoneos;
				SWIFT_ACTIVE_COMPILATION_CONDITIONS = DEBUG;
				SWIFT_OPTIMIZATION_LEVEL = "-Onone";
			};
			name = Debug;
		};
		7140954D1E78AE0B0042DDDB /* Release */ = {
			isa = XCBuildConfiguration;
			buildSettings = {
				ALWAYS_SEARCH_USER_PATHS = NO;
				CLANG_ANALYZER_NONNULL = YES;
				CLANG_CXX_LANGUAGE_STANDARD = "gnu++0x";
				CLANG_CXX_LIBRARY = "libc++";
				CLANG_ENABLE_MODULES = YES;
				CLANG_ENABLE_OBJC_ARC = YES;
				CLANG_WARN_BOOL_CONVERSION = YES;
				CLANG_WARN_CONSTANT_CONVERSION = YES;
				CLANG_WARN_DIRECT_OBJC_ISA_USAGE = YES_ERROR;
				CLANG_WARN_DOCUMENTATION_COMMENTS = YES;
				CLANG_WARN_EMPTY_BODY = YES;
				CLANG_WARN_ENUM_CONVERSION = YES;
				CLANG_WARN_INFINITE_RECURSION = YES;
				CLANG_WARN_INT_CONVERSION = YES;
				CLANG_WARN_OBJC_ROOT_CLASS = YES_ERROR;
				CLANG_WARN_SUSPICIOUS_MOVE = YES;
				CLANG_WARN_UNREACHABLE_CODE = YES;
				CLANG_WARN__DUPLICATE_METHOD_MATCH = YES;
				"CODE_SIGN_IDENTITY[sdk=iphoneos*]" = "iPhone Developer";
				COPY_PHASE_STRIP = NO;
				DEBUG_INFORMATION_FORMAT = "dwarf-with-dsym";
				ENABLE_NS_ASSERTIONS = NO;
				ENABLE_STRICT_OBJC_MSGSEND = YES;
				GCC_C_LANGUAGE_STANDARD = gnu99;
				GCC_NO_COMMON_BLOCKS = YES;
				GCC_WARN_64_TO_32_BIT_CONVERSION = YES;
				GCC_WARN_ABOUT_RETURN_TYPE = YES_ERROR;
				GCC_WARN_UNDECLARED_SELECTOR = YES;
				GCC_WARN_UNINITIALIZED_AUTOS = YES_AGGRESSIVE;
				GCC_WARN_UNUSED_FUNCTION = YES;
				GCC_WARN_UNUSED_VARIABLE = YES;
				IPHONEOS_DEPLOYMENT_TARGET = 10.2;
				MTL_ENABLE_DEBUG_INFO = NO;
				SDKROOT = iphoneos;
				SWIFT_OPTIMIZATION_LEVEL = "-Owholemodule";
				VALIDATE_PRODUCT = YES;
			};
			name = Release;
		};
		7140954F1E78AE0B0042DDDB /* Debug */ = {
			isa = XCBuildConfiguration;
			buildSettings = {
				ASSETCATALOG_COMPILER_APPICON_NAME = AppIcon;
				CLANG_ENABLE_MODULES = YES;
				DEFINES_MODULE = NO;
				FRAMEWORK_SEARCH_PATHS = "$(PROJECT_DIR)/**";
				INFOPLIST_FILE = coursework2/Info.plist;
				LD_RUNPATH_SEARCH_PATHS = "$(inherited) @executable_path/Frameworks";
				PRODUCT_BUNDLE_IDENTIFIER = ru.hse.coursework2;
				PRODUCT_NAME = "$(TARGET_NAME)";
				SWIFT_OBJC_BRIDGING_HEADER = "coursework2/coursework2-Bridging-Header.h";
				SWIFT_OPTIMIZATION_LEVEL = "-Onone";
				SWIFT_VERSION = 3.0;
			};
			name = Debug;
		};
		714095501E78AE0B0042DDDB /* Release */ = {
			isa = XCBuildConfiguration;
			buildSettings = {
				ASSETCATALOG_COMPILER_APPICON_NAME = AppIcon;
				CLANG_ENABLE_MODULES = YES;
				DEFINES_MODULE = NO;
				FRAMEWORK_SEARCH_PATHS = "$(PROJECT_DIR)/**";
				INFOPLIST_FILE = coursework2/Info.plist;
				LD_RUNPATH_SEARCH_PATHS = "$(inherited) @executable_path/Frameworks";
				PRODUCT_BUNDLE_IDENTIFIER = ru.hse.coursework2;
				PRODUCT_NAME = "$(TARGET_NAME)";
				SWIFT_OBJC_BRIDGING_HEADER = "coursework2/coursework2-Bridging-Header.h";
				SWIFT_VERSION = 3.0;
			};
			name = Release;
		};
/* End XCBuildConfiguration section */

/* Begin XCConfigurationList section */
		714095371E78AE0B0042DDDB /* Build configuration list for PBXProject "coursework2" */ = {
			isa = XCConfigurationList;
			buildConfigurations = (
				7140954C1E78AE0B0042DDDB /* Debug */,
				7140954D1E78AE0B0042DDDB /* Release */,
			);
			defaultConfigurationIsVisible = 0;
			defaultConfigurationName = Release;
		};
		7140954E1E78AE0B0042DDDB /* Build configuration list for PBXNativeTarget "coursework2" */ = {
			isa = XCConfigurationList;
			buildConfigurations = (
				7140954F1E78AE0B0042DDDB /* Debug */,
				714095501E78AE0B0042DDDB /* Release */,
			);
			defaultConfigurationIsVisible = 0;
			defaultConfigurationName = Release;
		};
/* End XCConfigurationList section */
	};
	rootObject = 714095341E78AE0B0042DDDB /* Project object */;
}
